
Microsoft Visual Studio Solution File, Format Version 12.00
# Visual Studio Version 17
VisualStudioVersion = 17.14.36408.4 d17.14
MinimumVisualStudioVersion = 10.0.40219.1
Project("{FAE04EC0-301F-11D3-BF4B-00C04F79EFBC}") = "ProductSellPurchase", "ProductSellPurchase\ProductSellPurchase.csproj", "{8D79306C-2EC9-4553-B955-EEBF094E5FAA}"
EndProject
Global
	GlobalSection(SolutionConfigurationPlatforms) = preSolution
		Debug|Any CPU = Debug|Any CPU
		Release|Any CPU = Release|Any CPU
	EndGlobalSection
	GlobalSection(ProjectConfigurationPlatforms) = postSolution
		{8D79306C-2EC9-4553-B955-EEBF094E5FAA}.Debug|Any CPU.ActiveCfg = Debug|Any CPU
		{8D79306C-2EC9-4553-B955-EEBF094E5FAA}.Debug|Any CPU.Build.0 = Debug|Any CPU
		{8D79306C-2EC9-4553-B955-EEBF094E5FAA}.Release|Any CPU.ActiveCfg = Release|Any CPU
		{8D79306C-2EC9-4553-B955-EEBF094E5FAA}.Release|Any CPU.Build.0 = Release|Any CPU
	EndGlobalSection
	GlobalSection(SolutionProperties) = preSolution
		HideSolutionNode = FALSE
	EndGlobalSection
	GlobalSection(ExtensibilityGlobals) = postSolution
		SolutionGuid = {ACB77F40-9862-4A4C-AB4E-58714D86EFAD}
	EndGlobalSection
EndGlobal
